lockfileVersion: '9.0'

settings:
  autoInstallPeers: true
  excludeLinksFromLockfile: false

importers:

  .:
    dependencies:
      '@astrojs/check':
        specifier: ^0.9.4
        version: 0.9.4(typescript@5.8.3)
      '@astrojs/react':
        specifier: ^4.4.2
        version: 4.4.2(@types/node@22.14.1)(@types/react-dom@19.2.3(@types/react@19.2.8))(@types/react@19.2.8)(jiti@1.21.7)(lightningcss@1.29.3)(react-dom@19.2.3(react@19.2.3))(react@19.2.3)(sass@1.80.4)(stylus@0.64.0)(terser@5.39.0)(yaml@2.7.0)
      '@astrojs/rss':
        specifier: ^4.0.11
        version: 4.0.11
      '@astrojs/sitemap':
        specifier: ^3.3.1
        version: 3.3.1
      '@astrojs/svelte':
        specifier: 7.0.12
        version: 7.0.12(@types/node@22.14.1)(astro@5.7.9(@types/node@22.14.1)(jiti@1.21.7)(lightningcss@1.29.3)(rollup@2.79.2)(sass@1.80.4)(stylus@0.64.0)(terser@5.39.0)(typescript@5.8.3)(yaml@2.7.0))(jiti@1.21.7)(lightningcss@1.29.3)(sass@1.80.4)(stylus@0.64.0)(svelte@5.28.2)(terser@5.39.0)(typescript@5.8.3)(yaml@2.7.0)
      '@astrojs/tailwind':
        specifier: ^6.0.2
        version: 6.0.2(astro@5.7.9(@types/node@22.14.1)(jiti@1.21.7)(lightningcss@1.29.3)(rollup@2.79.2)(sass@1.80.4)(stylus@0.64.0)(terser@5.39.0)(typescript@5.8.3)(yaml@2.7.0))(tailwindcss@3.4.17)
      '@expressive-code/core':
        specifier: ^0.41.3
        version: 0.41.3
      '@expressive-code/plugin-collapsible-sections':
        specifier: ^0.41.3
        version: 0.41.3
      '@expressive-code/plugin-line-numbers':
        specifier: ^0.41.3
        version: 0.41.3
      '@fancyapps/ui':
        specifier: ^6.0.5
        version: 6.0.5
      '@fontsource-variable/jetbrains-mono':
        specifier: ^5.2.5
        version: 5.2.5
      '@fontsource/roboto':
        specifier: ^5.2.5
        version: 5.2.5
      '@iconify-json/fa6-brands':
        specifier: ^1.2.5
        version: 1.2.5
      '@iconify-json/fa6-regular':
        specifier: ^1.2.3
        version: 1.2.3
      '@iconify-json/fa6-solid':
        specifier: ^1.2.3
        version: 1.2.3
      '@iconify-json/material-symbols':
        specifier: ^1.2.20
        version: 1.2.20
      '@iconify-json/simple-icons':
        specifier: ^1.2.42
        version: 1.2.42
      '@iconify/svelte':
        specifier: ^4.2.0
        version: 4.2.0(svelte@5.28.2)
      '@react-three/fiber':
        specifier: ^9.5.0
        version: 9.5.0(@types/react@19.2.8)(react-dom@19.2.3(react@19.2.3))(react@19.2.3)(three@0.182.0)
      '@swup/astro':
        specifier: ^1.6.0
        version: 1.6.0(@types/babel__core@7.20.5)
      '@tailwindcss/typography':
        specifier: ^0.5.16
        version: 0.5.16(tailwindcss@3.4.17)
      '@types/react':
        specifier: ^19.2.8
        version: 19.2.8
      '@types/react-dom':
        specifier: ^19.2.3
        version: 19.2.3(@types/react@19.2.8)
      '@types/three':
        specifier: ^0.182.0
        version: 0.182.0
      astro:
        specifier: 5.7.9
        version: 5.7.9(@types/node@22.14.1)(jiti@1.21.7)(lightningcss@1.29.3)(rollup@2.79.2)(sass@1.80.4)(stylus@0.64.0)(terser@5.39.0)(typescript@5.8.3)(yaml@2.7.0)
      astro-expressive-code:
        specifier: ^0.41.3
        version: 0.41.3(astro@5.7.9(@types/node@22.14.1)(jiti@1.21.7)(lightningcss@1.29.3)(rollup@2.79.2)(sass@1.80.4)(stylus@0.64.0)(terser@5.39.0)(typescript@5.8.3)(yaml@2.7.0))
      astro-icon:
        specifier: ^1.1.5
        version: 1.1.5
      hastscript:
        specifier: ^9.0.1
        version: 9.0.1
      katex:
        specifier: ^0.16.22
        version: 0.16.22
      markdown-it:
        specifier: ^14.1.0
        version: 14.1.0
      mdast-util-to-string:
        specifier: ^4.0.0
        version: 4.0.0
      node-html-parser:
        specifier: ^7.0.1
        version: 7.0.1
      overlayscrollbars:
        specifier: ^2.11.1
        version: 2.11.1
      photoswipe:
        specifier: ^5.4.4
        version: 5.4.4
      react:
        specifier: ^19.2.3
        version: 19.2.3
      react-dom:
        specifier: ^19.2.3
        version: 19.2.3(react@19.2.3)
      reading-time:
        specifier: ^1.5.0
        version: 1.5.0
      rehype-autolink-headings:
        specifier: ^7.1.0
        version: 7.1.0
      rehype-components:
        specifier: ^0.3.0
        version: 0.3.0
      rehype-external-links:
        specifier: ^3.0.0
        version: 3.0.0
      rehype-katex:
        specifier: ^7.0.1
        version: 7.0.1
      rehype-slug:
        specifier: ^6.0.0
        version: 6.0.0
      remark-directive:
        specifier: ^3.0.1
        version: 3.0.1
      remark-directive-rehype:
        specifier: ^0.4.2
        version: 0.4.2
      remark-github-admonitions-to-directives:
        specifier: ^1.0.5
        version: 1.0.5
      remark-math:
        specifier: ^6.0.0
        version: 6.0.0
      remark-sectionize:
        specifier: ^2.1.0
        version: 2.1.0
      sanitize-html:
        specifier: ^2.16.0
        version: 2.16.0
      sharp:
        specifier: ^0.34.1
        version: 0.34.1
      sql.js:
        specifier: ^1.13.0
        version: 1.13.0
      stylus:
        specifier: ^0.64.0
        version: 0.64.0
      svelte:
        specifier: ^5.28.2
        version: 5.28.2
      tailwindcss:
        specifier: ^3.4.17
        version: 3.4.17
      three:
        specifier: ^0.182.0
        version: 0.182.0
      typescript:
        specifier: ^5.8.3
        version: 5.8.3
      unist-util-visit:
        specifier: ^5.0.0
        version: 5.0.0
    devDependencies:
      '@astrojs/ts-plugin':
        specifier: ^1.10.4
        version: 1.10.4
      '@biomejs/biome':
        specifier: 1.9.4
        version: 1.9.4
      '@rollup/plugin-yaml':
        specifier: ^4.1.2
        version: 4.1.2(rollup@2.79.2)
      '@types/hast':
        specifier: 3.0.4
        version: 3.0.4
      '@types/markdown-it':
        specifier: ^14.1.2
        version: 14.1.2
      '@types/mdast':
        specifier: ^4.0.4
        version: 4.0.4
      '@types/sanitize-html':
        specifier: ^2.15.0
        version: 2.15.0
      postcss-import:
        specifier: ^16.1.0
        version: 16.1.0(postcss@8.5.3)
      postcss-nesting:
        specifier: ^13.0.1
        version: 13.0.1(postcss@8.5.3)
      rehype:
        specifier: ^13.0.2
        version: 13.0.2

packages:

  '@adobe/css-tools@4.3.3':
    resolution: {integrity: sha512-rE0Pygv0sEZ4vBWHlAgJLGDU7Pm8xoO6p3wsEceb7GYAjScrOHpEo8KK/eVkAcnSM+slAEtXjA2JpdjLp4fJQQ==}

  '@alloc/quick-lru@5.2.0':
    resolution: {integrity: sha512-UrcABB+4bUrFABwbluTIBErXwvbsU/V7TZWfmbgJfbkwiBuziS9gxdODUyuiecfdGQ85jglMW6juS3+z5TsKLw==}
    engines: {node: '>=10'}

  '@ampproject/remapping@2.3.0':
    resolution: {integrity: sha512-30iZtAPgz+LTIYoeivqYo853f02jBYSd5uGnGpkFV0M3xOt9aN73erkgYAmZU43x4VfqcnLxW9Kpg3R5LC4YYw==}
    engines: {node: '>=6.0.0'}

  '@antfu/install-pkg@1.0.0':
    resolution: {integrity: sha512-xvX6P/lo1B3ej0OsaErAjqgFYzYVcJpamjLAFLYh9vRJngBrMoUG7aVnrGTeqM7yxbyTD5p3F2+0/QUEh8Vzhw==}

  '@antfu/utils@8.1.1':
    resolution: {integrity: sha512-Mex9nXf9vR6AhcXmMrlz/HVgYYZpVGJ6YlPgwl7UnaFpnshXs6EK/oa5Gpf3CzENMjkvEx2tQtntGnb7UtSTOQ==}

  '@astrojs/check@0.9.4':
    resolution: {integrity: sha512-IOheHwCtpUfvogHHsvu0AbeRZEnjJg3MopdLddkJE70mULItS/Vh37BHcI00mcOJcH1vhD3odbpvWokpxam7xA==}
    hasBin: true
    peerDependencies:
      typescript: ^5.0.0

  '@astrojs/compiler@2.11.0':
    resolution: {integrity: sha512-zZOO7i+JhojO8qmlyR/URui6LyfHJY6m+L9nwyX5GiKD78YoRaZ5tzz6X0fkl+5bD3uwlDHayf6Oe8Fu36RKNg==}

  '@astrojs/internal-helpers@0.6.1':
    resolution: {integrity: sha512-l5Pqf6uZu31aG+3Lv8nl/3s4DbUzdlxTWDof4pEpto6GUJNhhCbelVi9dEyurOVyqaelwmS9oSyOWOENSfgo9A==}

  '@astrojs/language-server@2.15.4':
    resolution: {integrity: sha512-JivzASqTPR2bao9BWsSc/woPHH7OGSGc9aMxXL4U6egVTqBycB3ZHdBJPuOCVtcGLrzdWTosAqVPz1BVoxE0+A==}
    hasBin: true
    peerDependencies:
      prettier: ^3.0.0
      prettier-plugin-astro: '>=0.11.0'
    peerDependenciesMeta:
      prettier:
        optional: true
      prettier-plugin-astro:
        optional: true

  '@astrojs/markdown-remark@6.3.1':
    resolution: {integrity: sha512-c5F5gGrkczUaTVgmMW9g1YMJGzOtRvjjhw6IfGuxarM6ct09MpwysP10US729dy07gg8y+ofVifezvP3BNsWZg==}

  '@astrojs/prism@3.2.0':
    resolution: {integrity: sha512-GilTHKGCW6HMq7y3BUv9Ac7GMe/MO9gi9GW62GzKtth0SwukCu/qp2wLiGpEujhY+VVhaG9v7kv/5vFzvf4NYw==}
    engines: {node: ^18.17.1 || ^20.3.0 || >=22.0.0}

  '@astrojs/react@4.4.2':
