lockfileVersion: '9.0'

settings:
  autoInstallPeers: true
  excludeLinksFromLockfile: false

importers:

  .:
    dependencies:
      '@astrojs/check':
        specifier: ^0.9.4
        version: 0.9.4(typescript@5.8.3)
      '@astrojs/react':
        specifier: ^4.4.2
        version: 4.4.2(@types/node@22.14.1)(@types/react-dom@19.2.3(@types/react@19.2.8))(@types/react@19.2.8)(jiti@1.21.7)(lightningcss@1.29.3)(react-dom@19.2.3(react@19.2.3))(react@19.2.3)(sass@1.80.4)(stylus@0.64.0)(terser@5.39.0)(yaml@2.7.0)
      '@astrojs/rss':
        specifier: ^4.0.11
        version: 4.0.11
      '@astrojs/sitemap':
        specifier: ^3.3.1
        version: 3.3.1
      '@astrojs/svelte':
        specifier: 7.0.12
        version: 7.0.12(@types/node@22.14.1)(astro@5.7.9(@types/node@22.14.1)(jiti@1.21.7)(lightningcss@1.29.3)(rollup@2.79.2)(sass@1.80.4)(stylus@0.64.0)(terser@5.39.0)(typescript@5.8.3)(yaml@2.7.0))(jiti@1.21.7)(lightningcss@1.29.3)(sass@1.80.4)(stylus@0.64.0)(svelte@5.28.2)(terser@5.39.0)(typescript@5.8.3)(yaml@2.7.0)
      '@astrojs/tailwind':
        specifier: ^6.0.2
        version: 6.0.2(astro@5.7.9(@types/node@22.14.1)(jiti@1.21.7)(lightningcss@1.29.3)(rollup@2.79.2)(sass@1.80.4)(stylus@0.64.0)(terser@5.39.0)(typescript@5.8.3)(yaml@2.7.0))(tailwindcss@3.4.17)
      '@expressive-code/core':
        specifier: ^0.41.3
        version: 0.41.3
      '@expressive-code/plugin-collapsible-sections':
        specifier: ^0.41.3
        version: 0.41.3
      '@expressive-code/plugin-line-numbers':
        specifier: ^0.41.3
        version: 0.41.3
      '@fancyapps/ui':
        specifier: ^6.0.5
        version: 6.0.5
      '@fontsource-variable/jetbrains-mono':
        specifier: ^5.2.5
        version: 5.2.5
      '@fontsource/roboto':
        specifier: ^5.2.5
        version: 5.2.5
      '@iconify-json/fa6-brands':
        specifier: ^1.2.5
        version: 1.2.5
      '@iconify-json/fa6-regular':
        specifier: ^1.2.3
        version: 1.2.3
      '@iconify-json/fa6-solid':
        specifier: ^1.2.3
        version: 1.2.3
      '@iconify-json/material-symbols':
        specifier: ^1.2.20
        version: 1.2.20
      '@iconify-json/simple-icons':
        specifier: ^1.2.42
        version: 1.2.42
      '@iconify/svelte':
        specifier: ^4.2.0
        version: 4.2.0(svelte@5.28.2)
      '@react-three/fiber':
        specifier: ^9.5.0
        version: 9.5.0(@types/react@19.2.8)(react-dom@19.2.3(react@19.2.3))(react@19.2.3)(three@0.182.0)
      '@swup/astro':
        specifier: ^1.6.0
        version: 1.6.0(@types/babel__core@7.20.5)
      '@tailwindcss/typography':
        specifier: ^0.5.16
        version: 0.5.16(tailwindcss@3.4.17)
      '@types/react':
        specifier: ^19.2.8
        version: 19.2.8
      '@types/react-dom':
        specifier: ^19.2.3
        version: 19.2.3(@types/react@19.2.8)
      '@types/three':
        specifier: ^0.182.0
        version: 0.182.0
      astro:
        specifier: 5.7.9
        version: 5.7.9(@types/node@22.14.1)(jiti@1.21.7)(lightningcss@1.29.3)(rollup@2.79.2)(sass@1.80.4)(stylus@0.64.0)(terser@5.39.0)(typescript@5.8.3)(yaml@2.7.0)
      astro-expressive-code:
        specifier: ^0.41.3
        version: 0.41.3(astro@5.7.9(@types/node@22.14.1)(jiti@1.21.7)(lightningcss@1.29.3)(rollup@2.79.2)(sass@1.80.4)(stylus@0.64.0)(terser@5.39.0)(typescript@5.8.3)(yaml@2.7.0))
      astro-icon:
        specifier: ^1.1.5
        version: 1.1.5
      hastscript:
        specifier: ^9.0.1
        version: 9.0.1
      katex:
        specifier: ^0.16.22
        version: 0.16.22
      markdown-it:
        specifier: ^14.1.0
        version: 14.1.0
      mdast-util-to-string:
        specifier: ^4.0.0
        version: 4.0.0
      node-html-parser:
        specifier: ^7.0.1
        version: 7.0.1
      overlayscrollbars:
        specifier: ^2.11.1
        version: 2.11.1
      photoswipe:
        specifier: ^5.4.4
        version: 5.4.4
      react:
        specifier: ^19.2.3
        version: 19.2.3
      react-dom:
        specifier: ^19.2.3
        version: 19.2.3(react@19.2.3)
      reading-time:
        specifier: ^1.5.0
        version: 1.5.0
      rehype-autolink-headings:
        specifier: ^7.1.0
        version: 7.1.0
      rehype-components:
        specifier: ^0.3.0
        version: 0.3.0
      rehype-external-links:
        specifier: ^3.0.0
        version: 3.0.0
      rehype-katex:
        specifier: ^7.0.1
        version: 7.0.1
      rehype-slug:
        specifier: ^6.0.0
        version: 6.0.0
      remark-directive:
        specifier: ^3.0.1
        version: 3.0.1
      remark-directive-rehype:
        specifier: ^0.4.2
        version: 0.4.2
      remark-github-admonitions-to-directives:
        specifier: ^1.0.5
        version: 1.0.5
      remark-math:
        specifier: ^6.0.0
        version: 6.0.0
      remark-sectionize:
        specifier: ^2.1.0
        version: 2.1.0
      sanitize-html:
        specifier: ^2.16.0
        version: 2.16.0
      sharp:
        specifier: ^0.34.1
        version: 0.34.1
      sql.js:
        specifier: ^1.13.0
        version: 1.13.0
      stylus:
        specifier: ^0.64.0
        version: 0.64.0
      svelte:
        specifier: ^5.28.2
        version: 5.28.2
      tailwindcss:
        specifier: ^3.4.17
        version: 3.4.17
      three:
        specifier: ^0.182.0
        version: 0.182.0
      typescript:
        specifier: ^5.8.3
